// !$*UTF8*$!
{
	archiveVersion = 1;
	classes = {
	};
	objectVersion = 46;
	objects = {

/* Begin PBXBuildFile section */
		AB6150631E4F552800224869 /* AppDelegate.swift in Sources */ = {isa = PBXBuildFile; fileRef = AB6150621E4F552800224869 /* AppDelegate.swift */; };
		AB6150651E4F552800224869 /* ViewController.swift in Sources */ = {isa = PBXBuildFile; fileRef = AB6150641E4F552800224869 /* ViewController.swift */; };
		AB6150681E4F552800224869 /* Main.storyboard in Resources */ = {isa = PBXBuildFile; fileRef = AB6150661E4F552800224869 /* Main.storyboard */; };
		AB61506A1E4F552800224869 /* Assets.xcassets in Resources */ = {isa = PBXBuildFile; fileRef = AB6150691E4F552800224869 /* Assets.xcassets */; };
		AB61506D1E4F552800224869 /* LaunchScreen.storyboard in Resources */ = {isa = PBXBuildFile; fileRef = AB61506B1E4F552800224869 /* LaunchScreen.storyboard */; };
/* End PBXBuildFile section */

/* Begin PBXFileReference section */
		AB61505F1E4F552800224869 /* Nutrients.app */ = {isa = PBXFileReference; explicitFileType = wrapper.application; includeInIndex = 0; path = Nutrients.app; sourceTree = BUILT_PRODUCTS_DIR; };
		AB6150621E4F552800224869 /* AppDelegate.swift */ = {isa = PBXFileReference; lastKnownFileType = sourcecode.swift; path = AppDelegate.swift; sourceTree = "<group>"; };
		AB6150641E4F552800224869 /* ViewController.swift */ = {isa = PBXFileReference; lastKnownFileType = sourcecode.swift; path = ViewController.swift; sourceTree = "<group>"; };
		AB6150671E4F552800224869 /* Base */ = {isa = PBXFileReference; lastKnownFileType = file.storyboard; name = Base; path = Base.lproj/Main.storyboard; sourceTree = "<group>"; };
		AB6150691E4F552800224869 /* Assets.xcassets */ = {isa = PBXFileReference; lastKnownFileType = folder.assetcatalog; path = Assets.xcassets; sourceTree = "<group>"; };
		AB61506C1E4F552800224869 /* Base */ = {isa = PBXFileReference; lastKnownFileType = file.storyboard; name = Base; path = Base.lproj/LaunchScreen.storyboard; sourceTree = "<group>"; };
		AB61506E1E4F552800224869 /* Info.plist */ = {isa = PBXFileReference; lastKnownFileType = text.plist.xml; path = Info.plist; sourceTree = "<group>"; };
/* End PBXFileReference section */

/* Begin PBXFrameworksBuildPhase section */
		AB61505C1E4F552800224869 /* Frameworks */ = {
			isa = PBXFrameworksBuildPhase;
			buildActionMask = 2147483647;
			files = (
			);
			runOnlyForDeploymentPostprocessing = 0;
		};
/* End PBXFrameworksBuildPhase section */

/* Begin PBXGroup section */
		AB6150561E4F552800224869 = {
			isa = PBXGroup;
			children = (
				AB6150611E4F552800224869 /* Nutrients */,
				AB6150601E4F552800224869 /* Products */,
			);
			sourceTree = "<group>";
		};
		AB6150601E4F552800224869 /* Products */ = {
			isa = PBXGroup;
			children = (
				AB61505F1E4F552800224869 /* Nutrients.app */,
			);
			name = Products;
			sourceTree = "<group>";
		};
		AB6150611E4F552800224869 /* Nutrients */ = {
			isa = PBXGroup;
			children = (
				AB6150621E4F552800224869 /* AppDelegate.swift */,
				AB6150641E4F552800224869 /* ViewController.swift */,
				AB6150661E4F552800224869 /* Main.storyboard */,
				AB6150691E4F552800224869 /* Assets.xcassets */,
				AB61506B1E4F552800224869 /* LaunchScreen.storyboard */,
				AB61506E1E4F552800224869 /* Info.plist */,
			);
			path = Nutrients;
			sourceTree = "<group>";
		};
/* End PBXGroup section */

/* Begin PBXNativeTarget section */
		AB61505E1E4F552800224869 /* Nutrients */ = {
			isa = PBXNativeTarget;
			buildConfigurationList = AB6150711E4F552800224869 /* Build configuration list for PBXNativeTarget "Nutrients" */;
			buildPhases = (
				AB61505B1E4F552800224869 /* Sources */,
				AB61505C1E4F552800224869 /* Frameworks */,
				AB61505D1E4F552800224869 /* Resources */,
			);
			buildRules = (
			);
			dependencies = (
			);
			name = Nutrients;
			productName = Nutrients;
			productReference = AB61505F1E4F552800224869 /* Nutrients.app */;
			productType = "com.apple.product-type.application";
		};
/* End PBXNativeTarget section */

/* Begin PBXProject section */
		AB6150571E4F552800224869 /* Project object */ = {
			isa = PBXProject;
			attributes = {
				LastSwiftUpdateCheck = 0820;
				LastUpgradeCheck = 0820;
				ORGANIZATIONNAME = "Kaanugovi, Sudheendra Kumar";
				TargetAttributes = {
					AB61505E1E4F552800224869 = {
						CreatedOnToolsVersion = 8.2.1;
						DevelopmentTeam = PX3SYTPBGL;
						ProvisioningStyle = Automatic;
					};
				};
			};
			buildConfigurationList = AB61505A1E4F552800224869 /* Build configuration list for PBXProject "Nutrients" */;
			compatibilityVersion = "Xcode 3.2";
			developmentRegion = English;
			hasScannedForEncodings = 0;
			knownRegions = (
				en,
				Base,
			);
			mainGroup = AB6150561E4F552800224869;
			productRefGroup = AB6150601E4F552800224869 /* Products */;
			projectDirPath = "";
			projectRoot = "";
			targets = (
				AB61505E1E4F552800224869 /* Nutrients */,
			);
		};
/* End PBXProject section */

/* Begin PBXResourcesBuildPhase section */
		AB61505D1E4F552800224869 /* Resources */ = {
			isa = PBXResourcesBuildPhase;
			buildActionMask = 2147483647;
			files = (
				AB61506D1E4F552800224869 /* LaunchScreen.storyboard in Resources */,
				AB61506A1E4F552800224869 /* Assets.xcassets in Resources */,
				AB6150681E4F552800224869 /* Main.storyboard in Resources */,
			);
			runOnlyForDeploymentPostprocessing = 0;
		};
/* End PBXResourcesBuildPhase section */

/* Begin PBXSourcesBuildPhase section */
		AB61505B1E4F552800224869 /* Sources */ = {
			isa = PBXSourcesBuildPhase;
			buildActionMask = 2147483647;
			files = (
				AB6150651E4F552800224869 /* ViewController.swift in Sources */,
				AB6150631E4F552800224869 /* AppDelegate.swift in Sources */,
			);
			runOnlyForDeploymentPostprocessing = 0;
		};
/* End PBXSourcesBuildPhase section */

/* Begin PBXVariantGroup section */
		AB6150661E4F552800224869 /* Main.storyboard */ = {
			isa = PBXVariantGroup;
			children = (
				AB6150671E4F552800224869 /* Base */,
			);
			name = Main.storyboard;
			sourceTree = "<group>";
		};
		AB61506B1E4F552800224869 /* LaunchScreen.storyboard */ = {
			isa = PBXVariantGroup;
			children = (
				AB61506C1E4F552800224869 /* Base */,
			);
			name = LaunchScreen.storyboard;
			sourceTree = "<group>";
		};
/* End PBXVariantGroup section */

/* Begin XCBuildConfiguration section */
		AB61506F1E4F552800224869 /* Debug */ = {
			isa = XCBuildConfiguration;
			buildSettings = {
				ALWAYS_SEARCH_USER_PATHS = NO;
				CLANG_ANALYZER_NONNULL = YES;
				CLANG_CXX_LANGUAGE_STANDARD = "gnu++0x";
				CLANG_CXX_LIBRARY = "libc++";
				CLANG_ENABLE_MODULES = YES;
				CLANG_ENABLE_OBJC_ARC = YES;
				CLANG_WARN_BOOL_CONVERSION = YES;
				CLANG_WARN_CONSTANT_CONVERSION = YES;
				CLANG_WARN_DIRECT_OBJC_ISA_USAGE = YES_ERROR;
				CLANG_WARN_DOCUMENTATION_COMMENTS = YES;
				CLANG_WARN_EMPTY_BODY = YES;
				CLANG_WARN_ENUM_CONVERSION = YES;
				CLANG_WARN_INFINITE_RECURSION = YES;
				CLANG_WARN_INT_CONVERSION = YES;
				CLANG_WARN_OBJC_ROOT_CLASS = YES_ERROR;
				CLANG_WARN_SUSPICIOUS_MOVE = YES;
				CLANG_WARN_UNREACHABLE_CODE = YES;
				CLANG_WARN__DUPLICATE_METHOD_MATCH = YES;
				"CODE_SIGN_IDENTITY[sdk=iphoneos*]" = "iPhone Developer";
				COPY_PHASE_STRIP = NO;
				DEBUG_INFORMATION_FORMAT = dwarf;
				ENABLE_STRICT_OBJC_MSGSEND = YES;
				ENABLE_TESTABILITY = YES;
				GCC_C_LANGUAGE_STANDARD = gnu99;
				GCC_DYNAMIC_NO_PIC = NO;
				GCC_NO_COMMON_BLOCKS = YES;
				GCC_OPTIMIZATION_LEVEL = 0;
				GCC_PREPROCESSOR_DEFINITIONS = (
					"DEBUG=1",
					"$(inherited)",
				);
				GCC_WARN_64_TO_32_BIT_CONVERSION = YES;
				GCC_WARN_ABOUT_RETURN_TYPE = YES_ERROR;
				GCC_WARN_UNDECLARED_SELECTOR = YES;
				GCC_WARN_UNINITIALIZED_AUTOS = YES_AGGRESSIVE;
				GCC_WARN_UNUSED_FUNCTION = YES;
				GCC_WARN_UNUSED_VARIABLE = YES;
				IPHONEOS_DEPLOYMENT_TARGET = 10.2;
				MTL_ENABLE_DEBUG_INFO = YES;
				ONLY_ACTIVE_ARCH = YES;
				SDKROOT = iphoneos;
				SWIFT_ACTIVE_COMPILATION_CONDITIONS = DEBUG;
				SWIFT_OPTIMIZATION_LEVEL = "-Onone";
				TARGETED_DEVICE_FAMILY = "1,2";
			};
			name = Debug;
		};
		AB6150701E4F552800224869 /* Release */ = {
			isa = XCBuildConfiguration;
			buildSettings = {
				ALWAYS_SEARCH_USER_PATHS = NO;
				CLANG_ANALYZER_NONNULL = YES;
				CLANG_CXX_LANGUAGE_STANDARD = "gnu++0x";
				CLANG_CXX_LIBRARY = "libc++";
				CLANG_ENABLE_MODULES = YES;
				CLANG_ENABLE_OBJC_ARC = YES;
				CLANG_WARN_BOOL_CONVERSION = YES;
				CLANG_WARN_CONSTANT_CONVERSION = YES;
				CLANG_WARN_DIRECT_OBJC_ISA_USAGE = YES_ERROR;
				CLANG_WARN_DOCUMENTATION_COMMENTS = YES;
				CLANG_WARN_EMPTY_BODY = YES;
				CLANG_WARN_ENUM_CONVERSION = YES;
				CLANG_WARN_INFINITE_RECURSION = YES;
				CLANG_WARN_INT_CONVERSION = YES;
				CLANG_WARN_OBJC_ROOT_CLASS = YES_ERROR;
				CLANG_WARN_SUSPICIOUS_MOVE = YES;
				CLANG_WARN_UNREACHABLE_CODE = YES;
				CLANG_WARN__DUPLICATE_METHOD_MATCH = YES;
				"CODE_SIGN_IDENTITY[sdk=iphoneos*]" = "iPhone Developer";
				COPY_PHASE_STRIP = NO;
				DEBUG_INFORMATION_FORMAT = "dwarf-with-dsym";
				ENABLE_NS_ASSERTIONS = NO;
				ENABLE_STRICT_OBJC_MSGSEND = YES;
				GCC_C_LANGUAGE_STANDARD = gnu99;
				GCC_NO_COMMON_BLOCKS = YES;
				GCC_WARN_64_TO_32_BIT_CONVERSION = YES;
				GCC_WARN_ABOUT_RETURN_TYPE = YES_ERROR;
				GCC_WARN_UNDECLARED_SELECTOR = YES;
				GCC_WARN_UNINITIALIZED_AUTOS = YES_AGGRESSIVE;
				GCC_WARN_UNUSED_FUNCTION = YES;
				GCC_WARN_UNUSED_VARIABLE = YES;
				IPHONEOS_DEPLOYMENT_TARGET = 10.2;
				MTL_ENABLE_DEBUG_INFO = NO;
				SDKROOT = iphoneos;
				SWIFT_OPTIMIZATION_LEVEL = "-Owholemodule";
				TARGETED_DEVICE_FAMILY = "1,2";
				VALIDATE_PRODUCT = YES;
			};
			name = Release;
		};
		AB6150721E4F552800224869 /* Debug */ = {
			isa = XCBuildConfiguration;
			buildSettings = {
				ASSETCATALOG_COMPILER_APPICON_NAME = AppIcon;
				DEVELOPMENT_TEAM = PX3SYTPBGL;
				INFOPLIST_FILE = Nutrients/Info.plist;
				LD_RUNPATH_SEARCH_PATHS = "$(inherited) @executable_path/Frameworks";
				PRODUCT_BUNDLE_IDENTIFIER = com.nsstack.Nutrients;
				PRODUCT_NAME = "$(TARGET_NAME)";
				SWIFT_VERSION = 3.0;
			};
			name = Debug;
		};
		AB6150731E4F552800224869 /* Release */ = {
			isa = XCBuildConfiguration;
			buildSettings = {
				ASSETCATALOG_COMPILER_APPICON_NAME = AppIcon;
				DEVELOPMENT_TEAM = PX3SYTPBGL;
				INFOPLIST_FILE = Nutrients/Info.plist;
				LD_RUNPATH_SEARCH_PATHS = "$(inherited) @executable_path/Frameworks";
				PRODUCT_BUNDLE_IDENTIFIER = com.nsstack.Nutrients;
				PRODUCT_NAME = "$(TARGET_NAME)";
				SWIFT_VERSION = 3.0;
			};
			name = Release;
		};
/* End XCBuildConfiguration section */

/* Begin XCConfigurationList section */
		AB61505A1E4F552800224869 /* Build configuration list for PBXProject "Nutrients" */ = {
			isa = XCConfigurationList;
			buildConfigurations = (
				AB61506F1E4F552800224869 /* Debug */,
				AB6150701E4F552800224869 /* Release */,
			);
			defaultConfigurationIsVisible = 0;
			defaultConfigurationName = Release;
		};
		AB6150711E4F552800224869 /* Build configuration list for PBXNativeTarget "Nutrients" */ = {
			isa = XCConfigurationList;
			buildConfigurations = (
				AB6150721E4F552800224869 /* Debug */,
				AB6150731E4F552800224869 /* Release */,
			);
			defaultConfigurationIsVisible = 0;
		};
/* End XCConfigurationList section */
	};
	rootObject = AB6150571E4F552800224869 /* Project object */;
}
